
Microsoft Visual Studio Solution File, Format Version 12.00
# Visual Studio Version 17
VisualStudioVersion = 17.5.33424.131
MinimumVisualStudioVersion = 10.0.40219.1
Project("{FAE04EC0-301F-11D3-BF4B-00C04F79EFBC}") = "sql", "sql\sql.csproj", "{A0F13579-AA1C-44D9-B563-168B6B96B9AF}"
EndProject
Global
	GlobalSection(SolutionConfigurationPlatforms) = preSolution
		Debug|Any CPU = Debug|Any CPU
		Release|Any CPU = Release|Any CPU
	EndGlobalSection
	GlobalSection(ProjectConfigurationPlatforms) = postSolution
		{A0F13579-AA1C-44D9-B563-168B6B96B9AF}.Debug|Any CPU.ActiveCfg = Debug|Any CPU
		{A0F13579-AA1C-44D9-B563-168B6B96B9AF}.Debug|Any CPU.Build.0 = Debug|Any CPU
		{A0F13579-AA1C-44D9-B563-168B6B96B9AF}.Release|Any CPU.ActiveCfg = Release|Any CPU
		{A0F13579-AA1C-44D9-B563-168B6B96B9AF}.Release|Any CPU.Build.0 = Release|Any CPU
	EndGlobalSection
	GlobalSection(SolutionProperties) = preSolution
		HideSolutionNode = FALSE
	EndGlobalSection
	GlobalSection(ExtensibilityGlobals) = postSolution
		SolutionGuid = {9EA80097-153F-43F9-883C-8D6A4A83728E}
	EndGlobalSection
EndGlobal
